
Microsoft Visual Studio Solution File, Format Version 11.00
# Visual Studio 2010
Project("{FAE04EC0-301F-11D3-BF4B-00C04F79EFBC}") = "TuringMachine", "TuringMachine.csproj", "{9F657620-7126-43D3-8F07-DF83E3049B9F}"
EndProject
Global
	GlobalSection(SolutionConfigurationPlatforms) = preSolution
		Debug|Any CPU = Debug|Any CPU
		Release|Any CPU = Release|Any CPU
	EndGlobalSection
	GlobalSection(ProjectConfigurationPlatforms) = postSolution
		{9F657620-7126-43D3-8F07-DF83E3049B9F}.Debug|Any CPU.ActiveCfg = Debug|Any CPU
		{9F657620-7126-43D3-8F07-DF83E3049B9F}.Debug|Any CPU.Build.0 = Debug|Any CPU
		{9F657620-7126-43D3-8F07-DF83E3049B9F}.Release|Any CPU.ActiveCfg = Release|Any CPU
		{9F657620-7126-43D3-8F07-DF83E3049B9F}.Release|Any CPU.Build.0 = Release|Any CPU
	EndGlobalSection
	GlobalSection(SolutionProperties) = preSolution
		HideSolutionNode = FALSE
	EndGlobalSection
EndGlobal
